
Microsoft Visual Studio Solution File, Format Version 12.00
# Visual Studio 15
VisualStudioVersion = 15.0.27703.2035
MinimumVisualStudioVersion = 10.0.40219.1
Project("{A0786B88-2ADB-4C21-ABE8-AA2D79766269}") = "skyfaith_opencart", "skyfaith_opencart.phpproj", "{0632472E-C1D5-465C-BC13-279A85985C80}"
EndProject
Global
	GlobalSection(SolutionConfigurationPlatforms) = preSolution
		Debug|Any CPU = Debug|Any CPU
		Release|Any CPU = Release|Any CPU
	EndGlobalSection
	GlobalSection(ProjectConfigurationPlatforms) = postSolution
		{0632472E-C1D5-465C-BC13-279A85985C80}.Debug|Any CPU.ActiveCfg = Debug|Any CPU
		{0632472E-C1D5-465C-BC13-279A85985C80}.Release|Any CPU.ActiveCfg = Release|Any CPU
	EndGlobalSection
	GlobalSection(SolutionProperties) = preSolution
		HideSolutionNode = FALSE
	EndGlobalSection
	GlobalSection(ExtensibilityGlobals) = postSolution
		SolutionGuid = {19B86189-8801-4965-849B-699D7E55D4D5}
	EndGlobalSection
EndGlobal
